// !$*UTF8*$!
{
	archiveVersion = 1;
	classes = {
	};
	objectVersion = 56;
	objects = {

/* Begin PBXBuildFile section */
		1EB491F12B513AC400590B13 /* IOS_projectApp.swift in Sources */ = {isa = PBXBuildFile; fileRef = 1EB491F02B513AC400590B13 /* IOS_projectApp.swift */; };
		1EB491F32B513AC400590B13 /* ContentView.swift in Sources */ = {isa = PBXBuildFile; fileRef = 1EB491F22B513AC400590B13 /* ContentView.swift */; };
		1EB491F52B513AC500590B13 /* Assets.xcassets in Resources */ = {isa = PBXBuildFile; fileRef = 1EB491F42B513AC500590B13 /* Assets.xcassets */; };
		1EB491F82B513AC500590B13 /* Preview Assets.xcassets in Resources */ = {isa = PBXBuildFile; fileRef = 1EB491F72B513AC500590B13 /* Preview Assets.xcassets */; };
		1EB492022B513AC500590B13 /* IOS_projectTests.swift in Sources */ = {isa = PBXBuildFile; fileRef = 1EB492012B513AC500590B13 /* IOS_projectTests.swift */; };
		1EB4920C2B513AC500590B13 /* IOS_projectUITests.swift in Sources */ = {isa = PBXBuildFile; fileRef = 1EB4920B2B513AC500590B13 /* IOS_projectUITests.swift */; };
		1EB4920E2B513AC500590B13 /* IOS_projectUITestsLaunchTests.swift in Sources */ = {isa = PBXBuildFile; fileRef = 1EB4920D2B513AC500590B13 /* IOS_projectUITestsLaunchTests.swift */; };
		1EB4921B2B5248A500590B13 /* GoogleService-Info.plist in Resources */ = {isa = PBXBuildFile; fileRef = 1EB4921A2B5248A400590B13 /* GoogleService-Info.plist */; };
		1EB4921E2B52492200590B13 /* FirebaseAnalytics in Frameworks */ = {isa = PBXBuildFile; productRef = 1EB4921D2B52492200590B13 /* FirebaseAnalytics */; };
		1EB492202B52492200590B13 /* FirebaseAnalyticsOnDeviceConversion in Frameworks */ = {isa = PBXBuildFile; productRef = 1EB4921F2B52492200590B13 /* FirebaseAnalyticsOnDeviceConversion */; };
		1EB492222B52492200590B13 /* FirebaseAnalyticsSwift in Frameworks */ = {isa = PBXBuildFile; productRef = 1EB492212B52492200590B13 /* FirebaseAnalyticsSwift */; };
		1EB492242B52492200590B13 /* FirebaseAnalyticsWithoutAdIdSupport in Frameworks */ = {isa = PBXBuildFile; productRef = 1EB492232B52492200590B13 /* FirebaseAnalyticsWithoutAdIdSupport */; };
		1EB492262B52492200590B13 /* FirebaseAppCheck in Frameworks */ = {isa = PBXBuildFile; productRef = 1EB492252B52492200590B13 /* FirebaseAppCheck */; };
		1EB4922F2B52698B00590B13 /* LoginView.swift in Sources */ = {isa = PBXBuildFile; fileRef = 1EB4922E2B52698B00590B13 /* LoginView.swift */; };
		1EB492312B526F3A00590B13 /* InputView.swift in Sources */ = {isa = PBXBuildFile; fileRef = 1EB492302B526F3A00590B13 /* InputView.swift */; };
		1EB492332B528EAF00590B13 /* RegistrationView.swift in Sources */ = {isa = PBXBuildFile; fileRef = 1EB492322B528EAF00590B13 /* RegistrationView.swift */; };
		1EB492392B52926D00590B13 /* AuthViewModel.swift in Sources */ = {isa = PBXBuildFile; fileRef = 1EB492382B52926D00590B13 /* AuthViewModel.swift */; };
		1EB4923C2B5293FB00590B13 /* FirebaseAuth in Frameworks */ = {isa = PBXBuildFile; productRef = 1EB4923B2B5293FB00590B13 /* FirebaseAuth */; };
		1EB4923E2B52942500590B13 /* AuthenticationServices.framework in Frameworks */ = {isa = PBXBuildFile; fileRef = 1EB4923D2B52942500590B13 /* AuthenticationServices.framework */; };
		1EB492402B529D1100590B13 /* User.swift in Sources */ = {isa = PBXBuildFile; fileRef = 1EB4923F2B529D1100590B13 /* User.swift */; };
		1EB492422B52A2E500590B13 /* FirebaseStorage in Frameworks */ = {isa = PBXBuildFile; productRef = 1EB492412B52A2E500590B13 /* FirebaseStorage */; };
		1EB492442B52A46200590B13 /* FirebaseFirestore in Frameworks */ = {isa = PBXBuildFile; productRef = 1EB492432B52A46200590B13 /* FirebaseFirestore */; };
		1EB492462B52A46800590B13 /* FirebaseFirestoreSwift in Frameworks */ = {isa = PBXBuildFile; productRef = 1EB492452B52A46800590B13 /* FirebaseFirestoreSwift */; };
		1EB492482B52A5AB00590B13 /* ProfileView.swift in Sources */ = {isa = PBXBuildFile; fileRef = 1EB492472B52A5AB00590B13 /* ProfileView.swift */; };
		1EB4924A2B53DEA700590B13 /* LocalAuthentication.framework in Frameworks */ = {isa = PBXBuildFile; fileRef = 1EB492492B53DEA700590B13 /* LocalAuthentication.framework */; };
		1EB4924C2B53DEBE00590B13 /* LocalAuthenticationEmbeddedUI.framework in Frameworks */ = {isa = PBXBuildFile; fileRef = 1EB4924B2B53DEBE00590B13 /* LocalAuthenticationEmbeddedUI.framework */; };
		1EB492512B54F17D00590B13 /* SchoolInfoView.swift in Sources */ = {isa = PBXBuildFile; fileRef = 1EB492502B54F17D00590B13 /* SchoolInfoView.swift */; };
		1EB492542B554A1D00590B13 /* ChatroomView.swift in Sources */ = {isa = PBXBuildFile; fileRef = 1EB492532B554A1D00590B13 /* ChatroomView.swift */; };
		1EB492572B554A8300590B13 /* QuestionsView.swift in Sources */ = {isa = PBXBuildFile; fileRef = 1EB492562B554A8300590B13 /* QuestionsView.swift */; };
		1EB492592B56D3F000590B13 /* OverlayMapView.swift in Sources */ = {isa = PBXBuildFile; fileRef = 1EB492582B56D3F000590B13 /* OverlayMapView.swift */; };
		1EB4925B2B56D4C400590B13 /* MapViewDelegate.swift in Sources */ = {isa = PBXBuildFile; fileRef = 1EB4925A2B56D4C400590B13 /* MapViewDelegate.swift */; };
		1EB4925E2B5FCDF200590B13 /* MapView.swift in Sources */ = {isa = PBXBuildFile; fileRef = 1EB4925D2B5FCDF200590B13 /* MapView.swift */; };
		1EB492602B61FAD800590B13 /* SwiftUIView.swift in Sources */ = {isa = PBXBuildFile; fileRef = 1EB4925F2B61FAD800590B13 /* SwiftUIView.swift */; };
/* End PBXBuildFile section */

/* Begin PBXContainerItemProxy section */
		1EB491FE2B513AC500590B13 /* PBXContainerItemProxy */ = {
			isa = PBXContainerItemProxy;
			containerPortal = 1EB491E52B513AC400590B13 /* Project object */;
			proxyType = 1;
			remoteGlobalIDString = 1EB491EC2B513AC400590B13;
			remoteInfo = IOS_project;
		};
		1EB492082B513AC500590B13 /* PBXContainerItemProxy */ = {
			isa = PBXContainerItemProxy;
			containerPortal = 1EB491E52B513AC400590B13 /* Project object */;
			proxyType = 1;
			remoteGlobalIDString = 1EB491EC2B513AC400590B13;
			remoteInfo = IOS_project;
		};
/* End PBXContainerItemProxy section */

/* Begin PBXFileReference section */
		1EB491ED2B513AC400590B13 /* IOS_project.app */ = {isa = PBXFileReference; explicitFileType = wrapper.application; includeInIndex = 0; path = IOS_project.app; sourceTree = BUILT_PRODUCTS_DIR; };
		1EB491F02B513AC400590B13 /* IOS_projectApp.swift */ = {isa = PBXFileReference; lastKnownFileType = sourcecode.swift; path = IOS_projectApp.swift; sourceTree = "<group>"; };
		1EB491F22B513AC400590B13 /* ContentView.swift */ = {isa = PBXFileReference; lastKnownFileType = sourcecode.swift; path = ContentView.swift; sourceTree = "<group>"; };
		1EB491F42B513AC500590B13 /* Assets.xcassets */ = {isa = PBXFileReference; lastKnownFileType = folder.assetcatalog; path = Assets.xcassets; sourceTree = "<group>"; };
		1EB491F72B513AC500590B13 /* Preview Assets.xcassets */ = {isa = PBXFileReference; lastKnownFileType = folder.assetcatalog; path = "Preview Assets.xcassets"; sourceTree = "<group>"; };
		1EB491FD2B513AC500590B13 /* IOS_projectTests.xctest */ = {isa = PBXFileReference; explicitFileType = wrapper.cfbundle; includeInIndex = 0; path = IOS_projectTests.xctest; sourceTree = BUILT_PRODUCTS_DIR; };
		1EB492012B513AC500590B13 /* IOS_projectTests.swift */ = {isa = PBXFileReference; lastKnownFileType = sourcecode.swift; path = IOS_projectTests.swift; sourceTree = "<group>"; };
		1EB492072B513AC500590B13 /* IOS_projectUITests.xctest */ = {isa = PBXFileReference; explicitFileType = wrapper.cfbundle; includeInIndex = 0; path = IOS_projectUITests.xctest; sourceTree = BUILT_PRODUCTS_DIR; };
		1EB4920B2B513AC500590B13 /* IOS_projectUITests.swift */ = {isa = PBXFileReference; lastKnownFileType = sourcecode.swift; path = IOS_projectUITests.swift; sourceTree = "<group>"; };
		1EB4920D2B513AC500590B13 /* IOS_projectUITestsLaunchTests.swift */ = {isa = PBXFileReference; lastKnownFileType = sourcecode.swift; path = IOS_projectUITestsLaunchTests.swift; sourceTree = "<group>"; };
		1EB4921A2B5248A400590B13 /* GoogleService-Info.plist */ = {isa = PBXFileReference; lastKnownFileType = text.plist; path = "GoogleService-Info.plist"; sourceTree = SOURCE_ROOT; };
		1EB4922E2B52698B00590B13 /* LoginView.swift */ = {isa = PBXFileReference; lastKnownFileType = sourcecode.swift; path = LoginView.swift; sourceTree = "<group>"; };
		1EB492302B526F3A00590B13 /* InputView.swift */ = {isa = PBXFileReference; lastKnownFileType = sourcecode.swift; path = InputView.swift; sourceTree = "<group>"; };
		1EB492322B528EAF00590B13 /* RegistrationView.swift */ = {isa = PBXFileReference; lastKnownFileType = sourcecode.swift; path = RegistrationView.swift; sourceTree = "<group>"; };
		1EB492382B52926D00590B13 /* AuthViewModel.swift */ = {isa = PBXFileReference; lastKnownFileType = sourcecode.swift; path = AuthViewModel.swift; sourceTree = "<group>"; };
		1EB4923D2B52942500590B13 /* AuthenticationServices.framework */ = {isa = PBXFileReference; lastKnownFileType = wrapper.framework; name = AuthenticationServices.framework; path = System/Library/Frameworks/AuthenticationServices.framework; sourceTree = SDKROOT; };
		1EB4923F2B529D1100590B13 /* User.swift */ = {isa = PBXFileReference; lastKnownFileType = sourcecode.swift; path = User.swift; sourceTree = "<group>"; };
		1EB492472B52A5AB00590B13 /* ProfileView.swift */ = {isa = PBXFileReference; lastKnownFileType = sourcecode.swift; path = ProfileView.swift; sourceTree = "<group>"; };
		1EB492492B53DEA700590B13 /* LocalAuthentication.framework */ = {isa = PBXFileReference; lastKnownFileType = wrapper.framework; name = LocalAuthentication.framework; path = System/Library/Frameworks/LocalAuthentication.framework; sourceTree = SDKROOT; };
		1EB4924B2B53DEBE00590B13 /* LocalAuthenticationEmbeddedUI.framework */ = {isa = PBXFileReference; lastKnownFileType = wrapper.framework; name = LocalAuthenticationEmbeddedUI.framework; path = System/Library/Frameworks/LocalAuthenticationEmbeddedUI.framework; sourceTree = SDKROOT; };
		1EB492502B54F17D00590B13 /* SchoolInfoView.swift */ = {isa = PBXFileReference; lastKnownFileType = sourcecode.swift; path = SchoolInfoView.swift; sourceTree = "<group>"; };
		1EB492532B554A1D00590B13 /* ChatroomView.swift */ = {isa = PBXFileReference; lastKnownFileType = sourcecode.swift; path = ChatroomView.swift; sourceTree = "<group>"; };
		1EB492562B554A8300590B13 /* QuestionsView.swift */ = {isa = PBXFileReference; lastKnownFileType = sourcecode.swift; path = QuestionsView.swift; sourceTree = "<group>"; };
		1EB492582B56D3F000590B13 /* OverlayMapView.swift */ = {isa = PBXFileReference; lastKnownFileType = sourcecode.swift; path = OverlayMapView.swift; sourceTree = "<group>"; };
		1EB4925A2B56D4C400590B13 /* MapViewDelegate.swift */ = {isa = PBXFileReference; lastKnownFileType = sourcecode.swift; path = MapViewDelegate.swift; sourceTree = "<group>"; };
		1EB4925C2B5CFDC100590B13 /* IOS-project-Info.plist */ = {isa = PBXFileReference; lastKnownFileType = text.plist; path = "IOS-project-Info.plist"; sourceTree = SOURCE_ROOT; };
		1EB4925D2B5FCDF200590B13 /* MapView.swift */ = {isa = PBXFileReference; lastKnownFileType = sourcecode.swift; path = MapView.swift; sourceTree = "<group>"; };
		1EB4925F2B61FAD800590B13 /* SwiftUIView.swift */ = {isa = PBXFileReference; lastKnownFileType = sourcecode.swift; path = SwiftUIView.swift; sourceTree = "<group>"; };
/* End PBXFileReference section */

/* Begin PBXFrameworksBuildPhase section */
		1EB491EA2B513AC400590B13 /* Frameworks */ = {
			isa = PBXFrameworksBuildPhase;
			buildActionMask = 2147483647;
			files = (
				1EB4924C2B53DEBE00590B13 /* LocalAuthenticationEmbeddedUI.framework in Frameworks */,
				1EB4924A2B53DEA700590B13 /* LocalAuthentication.framework in Frameworks */,
				1EB4923E2B52942500590B13 /* AuthenticationServices.framework in Frameworks */,
				1EB492222B52492200590B13 /* FirebaseAnalyticsSwift in Frameworks */,
				1EB4923C2B5293FB00590B13 /* FirebaseAuth in Frameworks */,
				1EB4921E2B52492200590B13 /* FirebaseAnalytics in Frameworks */,
				1EB492202B52492200590B13 /* FirebaseAnalyticsOnDeviceConversion in Frameworks */,
				1EB492462B52A46800590B13 /* FirebaseFirestoreSwift in Frameworks */,
				1EB492442B52A46200590B13 /* FirebaseFirestore in Frameworks */,
				1EB492422B52A2E500590B13 /* FirebaseStorage in Frameworks */,
				1EB492262B52492200590B13 /* FirebaseAppCheck in Frameworks */,
				1EB492242B52492200590B13 /* FirebaseAnalyticsWithoutAdIdSupport in Frameworks */,
			);
			runOnlyForDeploymentPostprocessing = 0;
		};
		1EB491FA2B513AC500590B13 /* Frameworks */ = {
			isa = PBXFrameworksBuildPhase;
			buildActionMask = 2147483647;
			files = (
			);
			runOnlyForDeploymentPostprocessing = 0;
		};
		1EB492042B513AC500590B13 /* Frameworks */ = {
			isa = PBXFrameworksBuildPhase;
			buildActionMask = 2147483647;
			files = (
			);
			runOnlyForDeploymentPostprocessing = 0;
		};
/* End PBXFrameworksBuildPhase section */

/* Begin PBXGroup section */
		1EB491E42B513AC400590B13 = {
			isa = PBXGroup;
			children = (
				1EB4925F2B61FAD800590B13 /* SwiftUIView.swift */,
				1EB491EF2B513AC400590B13 /* IOS_project */,
				1EB491F42B513AC500590B13 /* Assets.xcassets */,
				1EB492002B513AC500590B13 /* IOS_projectTests */,
				1EB4920A2B513AC500590B13 /* IOS_projectUITests */,
				1EB491EE2B513AC400590B13 /* Products */,
				1EB4923A2B5293FB00590B13 /* Frameworks */,
			);
			sourceTree = "<group>";
		};
		1EB491EE2B513AC400590B13 /* Products */ = {
			isa = PBXGroup;
			children = (
				1EB491ED2B513AC400590B13 /* IOS_project.app */,
				1EB491FD2B513AC500590B13 /* IOS_projectTests.xctest */,
				1EB492072B513AC500590B13 /* IOS_projectUITests.xctest */,
			);
			name = Products;
			sourceTree = "<group>";
		};
		1EB491EF2B513AC400590B13 /* IOS_project */ = {
			isa = PBXGroup;
			children = (
				1EB4925C2B5CFDC100590B13 /* IOS-project-Info.plist */,
				1EB491F62B513AC500590B13 /* Preview Content */,
				1EB4921A2B5248A400590B13 /* GoogleService-Info.plist */,
				1EB492272B52682E00590B13 /* App */,
				1EB492282B52683F00590B13 /* Components */,
				1EB492292B52685200590B13 /* Core */,
				1EB4922B2B5268B200590B13 /* Model */,
			);
			path = IOS_project;
			sourceTree = "<group>";
		};
		1EB491F62B513AC500590B13 /* Preview Content */ = {
			isa = PBXGroup;
			children = (
				1EB491F72B513AC500590B13 /* Preview Assets.xcassets */,
			);
			path = "Preview Content";
			sourceTree = "<group>";
		};
		1EB492002B513AC500590B13 /* IOS_projectTests */ = {
			isa = PBXGroup;
			children = (
				1EB492012B513AC500590B13 /* IOS_projectTests.swift */,
			);
			path = IOS_projectTests;
			sourceTree = "<group>";
		};
		1EB4920A2B513AC500590B13 /* IOS_projectUITests */ = {
			isa = PBXGroup;
			children = (
				1EB4920B2B513AC500590B13 /* IOS_projectUITests.swift */,
				1EB4920D2B513AC500590B13 /* IOS_projectUITestsLaunchTests.swift */,
			);
			path = IOS_projectUITests;
			sourceTree = "<group>";
		};
		1EB492272B52682E00590B13 /* App */ = {
			isa = PBXGroup;
			children = (
				1EB491F02B513AC400590B13 /* IOS_projectApp.swift */,
			);
			path = App;
			sourceTree = "<group>";
		};
		1EB492282B52683F00590B13 /* Components */ = {
			isa = PBXGroup;
			children = (
				1EB492302B526F3A00590B13 /* InputView.swift */,
			);
			path = Components;
			sourceTree = "<group>";
		};
		1EB492292B52685200590B13 /* Core */ = {
			isa = PBXGroup;
			children = (
				1EB4924E2B54F11300590B13 /* Pages */,
				1EB4922A2B52685700590B13 /* Authentication */,
				1EB4922C2B5268C200590B13 /* Root */,
			);
			path = Core;
			sourceTree = "<group>";
		};
		1EB4922A2B52685700590B13 /* Authentication */ = {
			isa = PBXGroup;
			children = (
				1EB492352B52923900590B13 /* ViewModel */,
				1EB492342B52923200590B13 /* View */,
			);
			path = Authentication;
			sourceTree = "<group>";
		};
		1EB4922B2B5268B200590B13 /* Model */ = {
			isa = PBXGroup;
			children = (
				1EB4923F2B529D1100590B13 /* User.swift */,
			);
			path = Model;
			sourceTree = "<group>";
		};
		1EB4922C2B5268C200590B13 /* Root */ = {
			isa = PBXGroup;
			children = (
				1EB491F22B513AC400590B13 /* ContentView.swift */,
			);
			path = Root;
			sourceTree = "<group>";
		};
		1EB4922D2B5268E000590B13 /* Profile */ = {
			isa = PBXGroup;
			children = (
				1EB492472B52A5AB00590B13 /* ProfileView.swift */,
			);
			path = Profile;
			sourceTree = "<group>";
		};
		1EB492342B52923200590B13 /* View */ = {
			isa = PBXGroup;
			children = (
				1EB4922E2B52698B00590B13 /* LoginView.swift */,
				1EB492322B528EAF00590B13 /* RegistrationView.swift */,
			);
			path = View;
			sourceTree = "<group>";
		};
		1EB492352B52923900590B13 /* ViewModel */ = {
			isa = PBXGroup;
			children = (
				1EB492382B52926D00590B13 /* AuthViewModel.swift */,
			);
			path = ViewModel;
			sourceTree = "<group>";
		};
		1EB4923A2B5293FB00590B13 /* Frameworks */ = {
			isa = PBXGroup;
			children = (
				1EB4924B2B53DEBE00590B13 /* LocalAuthenticationEmbeddedUI.framework */,
				1EB492492B53DEA700590B13 /* LocalAuthentication.framework */,
				1EB4923D2B52942500590B13 /* AuthenticationServices.framework */,
			);
			name = Frameworks;
			sourceTree = "<group>";
		};
		1EB4924E2B54F11300590B13 /* Pages */ = {
			isa = PBXGroup;
			children = (
				1EB492552B554A6B00590B13 /* Questions */,
				1EB492522B5549A300590B13 /* Chatroom */,
				1EB4924F2B54F15800590B13 /* SchoolInfoView */,
				1EB4922D2B5268E000590B13 /* Profile */,
			);
			path = Pages;
			sourceTree = "<group>";
		};
		1EB4924F2B54F15800590B13 /* SchoolInfoView */ = {
			isa = PBXGroup;
			children = (
				1EB492502B54F17D00590B13 /* SchoolInfoView.swift */,
				1EB492582B56D3F000590B13 /* OverlayMapView.swift */,
				1EB4925D2B5FCDF200590B13 /* MapView.swift */,
				1EB4925A2B56D4C400590B13 /* MapViewDelegate.swift */,
			);
			path = SchoolInfoView;
			sourceTree = "<group>";
		};
		1EB492522B5549A300590B13 /* Chatroom */ = {
			isa = PBXGroup;
			children = (
				1EB492532B554A1D00590B13 /* ChatroomView.swift */,
			);
			path = Chatroom;
			sourceTree = "<group>";
		};
		1EB492552B554A6B00590B13 /* Questions */ = {
			isa = PBXGroup;
			children = (
				1EB492562B554A8300590B13 /* QuestionsView.swift */,
			);
			path = Questions;
			sourceTree = "<group>";
		};
/* End PBXGroup section */

/* Begin PBXNativeTarget section */
		1EB491EC2B513AC400590B13 /* IOS_project */ = {
			isa = PBXNativeTarget;
			buildConfigurationList = 1EB492112B513AC500590B13 /* Build configuration list for PBXNativeTarget "IOS_project" */;
			buildPhases = (
				1EB491E92B513AC400590B13 /* Sources */,
				1EB491EA2B513AC400590B13 /* Frameworks */,
				1EB491EB2B513AC400590B13 /* Resources */,
			);
			buildRules = (
			);
			dependencies = (
			);
			name = IOS_project;
			packageProductDependencies = (
				1EB4921D2B52492200590B13 /* FirebaseAnalytics */,
				1EB4921F2B52492200590B13 /* FirebaseAnalyticsOnDeviceConversion */,
				1EB492212B52492200590B13 /* FirebaseAnalyticsSwift */,
				1EB492232B52492200590B13 /* FirebaseAnalyticsWithoutAdIdSupport */,
				1EB492252B52492200590B13 /* FirebaseAppCheck */,
				1EB4923B2B5293FB00590B13 /* FirebaseAuth */,
				1EB492412B52A2E500590B13 /* FirebaseStorage */,
				1EB492432B52A46200590B13 /* FirebaseFirestore */,
				1EB492452B52A46800590B13 /* FirebaseFirestoreSwift */,
			);
			productName = IOS_project;
			productReference = 1EB491ED2B513AC400590B13 /* IOS_project.app */;
			productType = "com.apple.product-type.application";
		};
		1EB491FC2B513AC500590B13 /* IOS_projectTests */ = {
			isa = PBXNativeTarget;
			buildConfigurationList = 1EB492142B513AC500590B13 /* Build configuration list for PBXNativeTarget "IOS_projectTests" */;
			buildPhases = (
				1EB491F92B513AC500590B13 /* Sources */,
				1EB491FA2B513AC500590B13 /* Frameworks */,
				1EB491FB2B513AC500590B13 /* Resources */,
			);
			buildRules = (
			);
			dependencies = (
				1EB491FF2B513AC500590B13 /* PBXTargetDependency */,
			);
			name = IOS_projectTests;
			productName = IOS_projectTests;
			productReference = 1EB491FD2B513AC500590B13 /* IOS_projectTests.xctest */;
			productType = "com.apple.product-type.bundle.unit-test";
		};
		1EB492062B513AC500590B13 /* IOS_projectUITests */ = {
			isa = PBXNativeTarget;
			buildConfigurationList = 1EB492172B513AC500590B13 /* Build configuration list for PBXNativeTarget "IOS_projectUITests" */;
			buildPhases = (
				1EB492032B513AC500590B13 /* Sources */,
				1EB492042B513AC500590B13 /* Frameworks */,
				1EB492052B513AC500590B13 /* Resources */,
			);
			buildRules = (
			);
			dependencies = (
				1EB492092B513AC500590B13 /* PBXTargetDependency */,
			);
			name = IOS_projectUITests;
			productName = IOS_projectUITests;
			productReference = 1EB492072B513AC500590B13 /* IOS_projectUITests.xctest */;
			productType = "com.apple.product-type.bundle.ui-testing";
		};
/* End PBXNativeTarget section */

/* Begin PBXProject section */
		1EB491E52B513AC400590B13 /* Project object */ = {
			isa = PBXProject;
			attributes = {
				BuildIndependentTargetsInParallel = 1;
				LastSwiftUpdateCheck = 1510;
				LastUpgradeCheck = 1510;
				TargetAttributes = {
					1EB491EC2B513AC400590B13 = {
						CreatedOnToolsVersion = 15.1;
					};
					1EB491FC2B513AC500590B13 = {
						CreatedOnToolsVersion = 15.1;
						TestTargetID = 1EB491EC2B513AC400590B13;
					};
					1EB492062B513AC500590B13 = {
						CreatedOnToolsVersion = 15.1;
						TestTargetID = 1EB491EC2B513AC400590B13;
					};
				};
			};
			buildConfigurationList = 1EB491E82B513AC400590B13 /* Build configuration list for PBXProject "IOS_project" */;
			compatibilityVersion = "Xcode 14.0";
			developmentRegion = en;
			hasScannedForEncodings = 0;
			knownRegions = (
				en,
				Base,
			);
			mainGroup = 1EB491E42B513AC400590B13;
			packageReferences = (
				1EB4921C2B52492200590B13 /* XCRemoteSwiftPackageReference "firebase-ios-sdk" */,
			);
			productRefGroup = 1EB491EE2B513AC400590B13 /* Products */;
			projectDirPath = "";
			projectRoot = "";
			targets = (
				1EB491EC2B513AC400590B13 /* IOS_project */,
				1EB491FC2B513AC500590B13 /* IOS_projectTests */,
				1EB492062B513AC500590B13 /* IOS_projectUITests */,
			);
		};
/* End PBXProject section */

/* Begin PBXResourcesBuildPhase section */
		1EB491EB2B513AC400590B13 /* Resources */ = {
			isa = PBXResourcesBuildPhase;
			buildActionMask = 2147483647;
			files = (
				1EB491F82B513AC500590B13 /* Preview Assets.xcassets in Resources */,
				1EB491F52B513AC500590B13 /* Assets.xcassets in Resources */,
				1EB4921B2B5248A500590B13 /* GoogleService-Info.plist in Resources */,
			);
			runOnlyForDeploymentPostprocessing = 0;
		};
		1EB491FB2B513AC500590B13 /* Resources */ = {
			isa = PBXResourcesBuildPhase;
			buildActionMask = 2147483647;
			files = (
			);
			runOnlyForDeploymentPostprocessing = 0;
		};
		1EB492052B513AC500590B13 /* Resources */ = {
			isa = PBXResourcesBuildPhase;
			buildActionMask = 2147483647;
			files = (
			);
			runOnlyForDeploymentPostprocessing = 0;
		};
/* End PBXResourcesBuildPhase section */

/* Begin PBXSourcesBuildPhase section */
		1EB491E92B513AC400590B13 /* Sources */ = {
			isa = PBXSourcesBuildPhase;
			buildActionMask = 2147483647;
			files = (
				1EB492482B52A5AB00590B13 /* ProfileView.swift in Sources */,
				1EB492542B554A1D00590B13 /* ChatroomView.swift in Sources */,
				1EB4925B2B56D4C400590B13 /* MapViewDelegate.swift in Sources */,
				1EB4922F2B52698B00590B13 /* LoginView.swift in Sources */,
				1EB492512B54F17D00590B13 /* SchoolInfoView.swift in Sources */,
				1EB492572B554A8300590B13 /* QuestionsView.swift in Sources */,
				1EB492312B526F3A00590B13 /* InputView.swift in Sources */,
				1EB4925E2B5FCDF200590B13 /* MapView.swift in Sources */,
				1EB492592B56D3F000590B13 /* OverlayMapView.swift in Sources */,
				1EB492392B52926D00590B13 /* AuthViewModel.swift in Sources */,
				1EB491F32B513AC400590B13 /* ContentView.swift in Sources */,
				1EB491F12B513AC400590B13 /* IOS_projectApp.swift in Sources */,
				1EB492332B528EAF00590B13 /* RegistrationView.swift in Sources */,
				1EB492402B529D1100590B13 /* User.swift in Sources */,
				1EB492602B61FAD800590B13 /* SwiftUIView.swift in Sources */,
			);
			runOnlyForDeploymentPostprocessing = 0;
		};
		1EB491F92B513AC500590B13 /* Sources */ = {
			isa = PBXSourcesBuildPhase;
			buildActionMask = 2147483647;
			files = (
				1EB492022B513AC500590B13 /* IOS_projectTests.swift in Sources */,
			);
			runOnlyForDeploymentPostprocessing = 0;
		};
		1EB492032B513AC500590B13 /* Sources */ = {
			isa = PBXSourcesBuildPhase;
			buildActionMask = 2147483647;
			files = (
				1EB4920E2B513AC500590B13 /* IOS_projectUITestsLaunchTests.swift in Sources */,
				1EB4920C2B513AC500590B13 /* IOS_projectUITests.swift in Sources */,
			);
			runOnlyForDeploymentPostprocessing = 0;
		};
/* End PBXSourcesBuildPhase section */

/* Begin PBXTargetDependency section */
		1EB491FF2B513AC500590B13 /* PBXTargetDependency */ = {
			isa = PBXTargetDependency;
			target = 1EB491EC2B513AC400590B13 /* IOS_project */;
			targetProxy = 1EB491FE2B513AC500590B13 /* PBXContainerItemProxy */;
		};
		1EB492092B513AC500590B13 /* PBXTargetDependency */ = {
			isa = PBXTargetDependency;
			target = 1EB491EC2B513AC400590B13 /* IOS_project */;
			targetProxy = 1EB492082B513AC500590B13 /* PBXContainerItemProxy */;
		};
/* End PBXTargetDependency section */

/* Begin XCBuildConfiguration section */
		1EB4920F2B513AC500590B13 /* Debug */ = {
			isa = XCBuildConfiguration;
			buildSettings = {
				ALWAYS_SEARCH_USER_PATHS = NO;
				ASSETCATALOG_COMPILER_GENERATE_SWIFT_ASSET_SYMBOL_EXTENSIONS = YES;
				CLANG_ANALYZER_NONNULL = YES;
				CLANG_ANALYZER_NUMBER_OBJECT_CONVERSION = YES_AGGRESSIVE;
				CLANG_CXX_LANGUAGE_STANDARD = "gnu++20";
				CLANG_ENABLE_MODULES = YES;
				CLANG_ENABLE_OBJC_ARC = YES;
				CLANG_ENABLE_OBJC_WEAK = YES;
				CLANG_WARN_BLOCK_CAPTURE_AUTORELEASING = YES;
				CLANG_WARN_BOOL_CONVERSION = YES;
				CLANG_WARN_COMMA = YES;
				CLANG_WARN_CONSTANT_CONVERSION = YES;
				CLANG_WARN_DEPRECATED_OBJC_IMPLEMENTATIONS = YES;
				CLANG_WARN_DIRECT_OBJC_ISA_USAGE = YES_ERROR;
				CLANG_WARN_DOCUMENTATION_COMMENTS = YES;
				CLANG_WARN_EMPTY_BODY = YES;
				CLANG_WARN_ENUM_CONVERSION = YES;
				CLANG_WARN_INFINITE_RECURSION = YES;
				CLANG_WARN_INT_CONVERSION = YES;
				CLANG_WARN_NON_LITERAL_NULL_CONVERSION = YES;
				CLANG_WARN_OBJC_IMPLICIT_RETAIN_SELF = YES;
				CLANG_WARN_OBJC_LITERAL_CONVERSION = YES;
				CLANG_WARN_OBJC_ROOT_CLASS = YES_ERROR;
				CLANG_WARN_QUOTED_INCLUDE_IN_FRAMEWORK_HEADER = YES;
				CLANG_WARN_RANGE_LOOP_ANALYSIS = YES;
				CLANG_WARN_STRICT_PROTOTYPES = YES;
				CLANG_WARN_SUSPICIOUS_MOVE = YES;
				CLANG_WARN_UNGUARDED_AVAILABILITY = YES_AGGRESSIVE;
				CLANG_WARN_UNREACHABLE_CODE = YES;
				CLANG_WARN__DUPLICATE_METHOD_MATCH = YES;
				COPY_PHASE_STRIP = NO;
				DEBUG_INFORMATION_FORMAT = dwarf;
				ENABLE_STRICT_OBJC_MSGSEND = YES;
				ENABLE_TESTABILITY = YES;
				ENABLE_USER_SCRIPT_SANDBOXING = YES;
				GCC_C_LANGUAGE_STANDARD = gnu17;
				GCC_DYNAMIC_NO_PIC = NO;
				GCC_NO_COMMON_BLOCKS = YES;
				GCC_OPTIMIZATION_LEVEL = 0;
				GCC_PREPROCESSOR_DEFINITIONS = (
					"DEBUG=1",
					"$(inherited)",
				);
				GCC_WARN_64_TO_32_BIT_CONVERSION = YES;
				GCC_WARN_ABOUT_RETURN_TYPE = YES_ERROR;
				GCC_WARN_UNDECLARED_SELECTOR = YES;
				GCC_WARN_UNINITIALIZED_AUTOS = YES_AGGRESSIVE;
				GCC_WARN_UNUSED_FUNCTION = YES;
				GCC_WARN_UNUSED_VARIABLE = YES;
				IPHONEOS_DEPLOYMENT_TARGET = 17.2;
				LOCALIZATION_PREFERS_STRING_CATALOGS = YES;
				MTL_ENABLE_DEBUG_INFO = INCLUDE_SOURCE;
				MTL_FAST_MATH = YES;
				ONLY_ACTIVE_ARCH = YES;
				SDKROOT = iphoneos;
				SWIFT_ACTIVE_COMPILATION_CONDITIONS = "DEBUG $(inherited)";
				SWIFT_OPTIMIZATION_LEVEL = "-Onone";
			};
			name = Debug;
		};
		1EB492102B513AC500590B13 /* Release */ = {
			isa = XCBuildConfiguration;
			buildSettings = {
				ALWAYS_SEARCH_USER_PATHS = NO;
				ASSETCATALOG_COMPILER_GENERATE_SWIFT_ASSET_SYMBOL_EXTENSIONS = YES;
				CLANG_ANALYZER_NONNULL = YES;
				CLANG_ANALYZER_NUMBER_OBJECT_CONVERSION = YES_AGGRESSIVE;
				CLANG_CXX_LANGUAGE_STANDARD = "gnu++20";
				CLANG_ENABLE_MODULES = YES;
				CLANG_ENABLE_OBJC_ARC = YES;
				CLANG_ENABLE_OBJC_WEAK = YES;
				CLANG_WARN_BLOCK_CAPTURE_AUTORELEASING = YES;
				CLANG_WARN_BOOL_CONVERSION = YES;
				CLANG_WARN_COMMA = YES;
				CLANG_WARN_CONSTANT_CONVERSION = YES;
				CLANG_WARN_DEPRECATED_OBJC_IMPLEMENTATIONS = YES;
				CLANG_WARN_DIRECT_OBJC_ISA_USAGE = YES_ERROR;
				CLANG_WARN_DOCUMENTATION_COMMENTS = YES;
				CLANG_WARN_EMPTY_BODY = YES;
				CLANG_WARN_ENUM_CONVERSION = YES;
				CLANG_WARN_INFINITE_RECURSION = YES;
				CLANG_WARN_INT_CONVERSION = YES;
				CLANG_WARN_NON_LITERAL_NULL_CONVERSION = YES;
				CLANG_WARN_OBJC_IMPLICIT_RETAIN_SELF = YES;
				CLANG_WARN_OBJC_LITERAL_CONVERSION = YES;
				CLANG_WARN_OBJC_ROOT_CLASS = YES_ERROR;
				CLANG_WARN_QUOTED_INCLUDE_IN_FRAMEWORK_HEADER = YES;
				CLANG_WARN_RANGE_LOOP_ANALYSIS = YES;
				CLANG_WARN_STRICT_PROTOTYPES = YES;
				CLANG_WARN_SUSPICIOUS_MOVE = YES;
				CLANG_WARN_UNGUARDED_AVAILABILITY = YES_AGGRESSIVE;
				CLANG_WARN_UNREACHABLE_CODE = YES;
				CLANG_WARN__DUPLICATE_METHOD_MATCH = YES;
				COPY_PHASE_STRIP = NO;
				DEBUG_INFORMATION_FORMAT = "dwarf-with-dsym";
				ENABLE_NS_ASSERTIONS = NO;
				ENABLE_STRICT_OBJC_MSGSEND = YES;
				ENABLE_USER_SCRIPT_SANDBOXING = YES;
				GCC_C_LANGUAGE_STANDARD = gnu17;
				GCC_NO_COMMON_BLOCKS = YES;
				GCC_WARN_64_TO_32_BIT_CONVERSION = YES;
				GCC_WARN_ABOUT_RETURN_TYPE = YES_ERROR;
				GCC_WARN_UNDECLARED_SELECTOR = YES;
				GCC_WARN_UNINITIALIZED_AUTOS = YES_AGGRESSIVE;
				GCC_WARN_UNUSED_FUNCTION = YES;
				GCC_WARN_UNUSED_VARIABLE = YES;
				IPHONEOS_DEPLOYMENT_TARGET = 17.2;
				LOCALIZATION_PREFERS_STRING_CATALOGS = YES;
				MTL_ENABLE_DEBUG_INFO = NO;
				MTL_FAST_MATH = YES;
				SDKROOT = iphoneos;
				SWIFT_COMPILATION_MODE = wholemodule;
				VALIDATE_PRODUCT = YES;
			};
			name = Release;
		};
		1EB492122B513AC500590B13 /* Debug */ = {
			isa = XCBuildConfiguration;
			buildSettings = {
				ASSETCATALOG_COMPILER_APPICON_NAME = AppIcon;
				ASSETCATALOG_COMPILER_GLOBAL_ACCENT_COLOR_NAME = AccentColor;
				CODE_SIGN_STYLE = Automatic;
				CURRENT_PROJECT_VERSION = 1;
				DEVELOPMENT_ASSET_PATHS = "\"IOS_project/Preview Content\"";
				DEVELOPMENT_TEAM = X5JDG86T4F;
				ENABLE_PREVIEWS = YES;
				GENERATE_INFOPLIST_FILE = YES;
				INFOPLIST_FILE = "IOS-project-Info.plist";
				INFOPLIST_KEY_NSLocationWhenInUseUsageDescription = "";
				INFOPLIST_KEY_UIApplicationSceneManifest_Generation = YES;
				INFOPLIST_KEY_UIApplicationSupportsIndirectInputEvents = YES;
				INFOPLIST_KEY_UILaunchScreen_Generation = YES;
				INFOPLIST_KEY_UISupportedInterfaceOrientations_iPad = "UIInterfaceOrientationPortrait UIInterfaceOrientationPortraitUpsideDown UIInterfaceOrientationLandscapeLeft UIInterfaceOrientationLandscapeRight";
				INFOPLIST_KEY_UISupportedInterfaceOrientations_iPhone = "UIInterfaceOrientationPortrait UIInterfaceOrientationLandscapeLeft UIInterfaceOrientationLandscapeRight";
				LD_RUNPATH_SEARCH_PATHS = (
					"$(inherited)",
					"@executable_path/Frameworks",
				);
				MARKETING_VERSION = 1.0;
				PRODUCT_BUNDLE_IDENTIFIER = "hk.edu.shape.IOS-project";
				PRODUCT_NAME = "$(TARGET_NAME)";
				SWIFT_EMIT_LOC_STRINGS = YES;
				SWIFT_VERSION = 5.0;
				TARGETED_DEVICE_FAMILY = "1,2";
			};
			name = Debug;
		};
		1EB492132B513AC500590B13 /* Release */ = {
			isa = XCBuildConfiguration;
			buildSettings = {
				ASSETCATALOG_COMPILER_APPICON_NAME = AppIcon;
				ASSETCATALOG_COMPILER_GLOBAL_ACCENT_COLOR_NAME = AccentColor;
				CODE_SIGN_STYLE = Automatic;
				CURRENT_PROJECT_VERSION = 1;
				DEVELOPMENT_ASSET_PATHS = "\"IOS_project/Preview Content\"";
				DEVELOPMENT_TEAM = X5JDG86T4F;
				ENABLE_PREVIEWS = YES;
				GENERATE_INFOPLIST_FILE = YES;
				INFOPLIST_FILE = "IOS-project-Info.plist";
				INFOPLIST_KEY_NSLocationWhenInUseUsageDescription = "";
				INFOPLIST_KEY_UIApplicationSceneManifest_Generation = YES;
				INFOPLIST_KEY_UIApplicationSupportsIndirectInputEvents = YES;
				INFOPLIST_KEY_UILaunchScreen_Generation = YES;
				INFOPLIST_KEY_UISupportedInterfaceOrientations_iPad = "UIInterfaceOrientationPortrait UIInterfaceOrientationPortraitUpsideDown UIInterfaceOrientationLandscapeLeft UIInterfaceOrientationLandscapeRight";
				INFOPLIST_KEY_UISupportedInterfaceOrientations_iPhone = "UIInterfaceOrientationPortrait UIInterfaceOrientationLandscapeLeft UIInterfaceOrientationLandscapeRight";
				LD_RUNPATH_SEARCH_PATHS = (
					"$(inherited)",
					"@executable_path/Frameworks",
				);
				MARKETING_VERSION = 1.0;
				PRODUCT_BUNDLE_IDENTIFIER = "hk.edu.shape.IOS-project";
				PRODUCT_NAME = "$(TARGET_NAME)";
				SWIFT_EMIT_LOC_STRINGS = YES;
				SWIFT_VERSION = 5.0;
				TARGETED_DEVICE_FAMILY = "1,2";
			};
			name = Release;
		};
		1EB492152B513AC500590B13 /* Debug */ = {
			isa = XCBuildConfiguration;
			buildSettings = {
				ALWAYS_EMBED_SWIFT_STANDARD_LIBRARIES = YES;
				BUNDLE_LOADER = "$(TEST_HOST)";
				CODE_SIGN_STYLE = Automatic;
				CURRENT_PROJECT_VERSION = 1;
				DEVELOPMENT_TEAM = X5JDG86T4F;
				GENERATE_INFOPLIST_FILE = YES;
				IPHONEOS_DEPLOYMENT_TARGET = 17.2;
				MARKETING_VERSION = 1.0;
				PRODUCT_BUNDLE_IDENTIFIER = "hk.edu.shape.IOS-projectTests";
				PRODUCT_NAME = "$(TARGET_NAME)";
				SWIFT_EMIT_LOC_STRINGS = NO;
				SWIFT_VERSION = 5.0;
				TARGETED_DEVICE_FAMILY = "1,2";
				TEST_HOST = "$(BUILT_PRODUCTS_DIR)/IOS_project.app/$(BUNDLE_EXECUTABLE_FOLDER_PATH)/IOS_project";
			};
			name = Debug;
		};
		1EB492162B513AC500590B13 /* Release */ = {
			isa = XCBuildConfiguration;
			buildSettings = {
				ALWAYS_EMBED_SWIFT_STANDARD_LIBRARIES = YES;
				BUNDLE_LOADER = "$(TEST_HOST)";
				CODE_SIGN_STYLE = Automatic;
				CURRENT_PROJECT_VERSION = 1;
				DEVELOPMENT_TEAM = X5JDG86T4F;
				GENERATE_INFOPLIST_FILE = YES;
				IPHONEOS_DEPLOYMENT_TARGET = 17.2;
				MARKETING_VERSION = 1.0;
				PRODUCT_BUNDLE_IDENTIFIER = "hk.edu.shape.IOS-projectTests";
				PRODUCT_NAME = "$(TARGET_NAME)";
				SWIFT_EMIT_LOC_STRINGS = NO;
				SWIFT_VERSION = 5.0;
				TARGETED_DEVICE_FAMILY = "1,2";
				TEST_HOST = "$(BUILT_PRODUCTS_DIR)/IOS_project.app/$(BUNDLE_EXECUTABLE_FOLDER_PATH)/IOS_project";
			};
			name = Release;
		};
		1EB492182B513AC500590B13 /* Debug */ = {
			isa = XCBuildConfiguration;
			buildSettings = {
				ALWAYS_EMBED_SWIFT_STANDARD_LIBRARIES = YES;
				CODE_SIGN_STYLE = Automatic;
				CURRENT_PROJECT_VERSION = 1;
				DEVELOPMENT_TEAM = X5JDG86T4F;
				GENERATE_INFOPLIST_FILE = YES;
				MARKETING_VERSION = 1.0;
				PRODUCT_BUNDLE_IDENTIFIER = "hk.edu.shape.IOS-projectUITests";
				PRODUCT_NAME = "$(TARGET_NAME)";
				SWIFT_EMIT_LOC_STRINGS = NO;
				SWIFT_VERSION = 5.0;
				TARGETED_DEVICE_FAMILY = "1,2";
				TEST_TARGET_NAME = IOS_project;
			};
			name = Debug;
		};
		1EB492192B513AC500590B13 /* Release */ = {
			isa = XCBuildConfiguration;
			buildSettings = {
				ALWAYS_EMBED_SWIFT_STANDARD_LIBRARIES = YES;
				CODE_SIGN_STYLE = Automatic;
				CURRENT_PROJECT_VERSION = 1;
				DEVELOPMENT_TEAM = X5JDG86T4F;
				GENERATE_INFOPLIST_FILE = YES;
				MARKETING_VERSION = 1.0;
				PRODUCT_BUNDLE_IDENTIFIER = "hk.edu.shape.IOS-projectUITests";
				PRODUCT_NAME = "$(TARGET_NAME)";
				SWIFT_EMIT_LOC_STRINGS = NO;
				SWIFT_VERSION = 5.0;
				TARGETED_DEVICE_FAMILY = "1,2";
				TEST_TARGET_NAME = IOS_project;
			};
			name = Release;
		};
/* End XCBuildConfiguration section */

/* Begin XCConfigurationList section */
		1EB491E82B513AC400590B13 /* Build configuration list for PBXProject "IOS_project" */ = {
			isa = XCConfigurationList;
			buildConfigurations = (
				1EB4920F2B513AC500590B13 /* Debug */,
				1EB492102B513AC500590B13 /* Release */,
			);
			defaultConfigurationIsVisible = 0;
			defaultConfigurationName = Release;
		};
		1EB492112B513AC500590B13 /* Build configuration list for PBXNativeTarget "IOS_project" */ = {
			isa = XCConfigurationList;
			buildConfigurations = (
				1EB492122B513AC500590B13 /* Debug */,
				1EB492132B513AC500590B13 /* Release */,
			);
			defaultConfigurationIsVisible = 0;
			defaultConfigurationName = Release;
		};
		1EB492142B513AC500590B13 /* Build configuration list for PBXNativeTarget "IOS_projectTests" */ = {
			isa = XCConfigurationList;
			buildConfigurations = (
				1EB492152B513AC500590B13 /* Debug */,
				1EB492162B513AC500590B13 /* Release */,
			);
			defaultConfigurationIsVisible = 0;
			defaultConfigurationName = Release;
		};
		1EB492172B513AC500590B13 /* Build configuration list for PBXNativeTarget "IOS_projectUITests" */ = {
			isa = XCConfigurationList;
			buildConfigurations = (
				1EB492182B513AC500590B13 /* Debug */,
				1EB492192B513AC500590B13 /* Release */,
			);
			defaultConfigurationIsVisible = 0;
			defaultConfigurationName = Release;
		};
/* End XCConfigurationList section */

/* Begin XCRemoteSwiftPackageReference section */
		1EB4921C2B52492200590B13 /* XCRemoteSwiftPackageReference "firebase-ios-sdk" */ = {
			isa = XCRemoteSwiftPackageReference;
			repositoryURL = "https://github.com/firebase/firebase-ios-sdk";
			requirement = {
				kind = upToNextMajorVersion;
				minimumVersion = 10.19.1;
			};
		};
/* End XCRemoteSwiftPackageReference section */

/* Begin XCSwiftPackageProductDependency section */
		1EB4921D2B52492200590B13 /* FirebaseAnalytics */ = {
			isa = XCSwiftPackageProductDependency;
			package = 1EB4921C2B52492200590B13 /* XCRemoteSwiftPackageReference "firebase-ios-sdk" */;
			productName = FirebaseAnalytics;
		};
		1EB4921F2B52492200590B13 /* FirebaseAnalyticsOnDeviceConversion */ = {
			isa = XCSwiftPackageProductDependency;
			package = 1EB4921C2B52492200590B13 /* XCRemoteSwiftPackageReference "firebase-ios-sdk" */;
			productName = FirebaseAnalyticsOnDeviceConversion;
		};
		1EB492212B52492200590B13 /* FirebaseAnalyticsSwift */ = {
			isa = XCSwiftPackageProductDependency;
			package = 1EB4921C2B52492200590B13 /* XCRemoteSwiftPackageReference "firebase-ios-sdk" */;
			productName = FirebaseAnalyticsSwift;
		};
		1EB492232B52492200590B13 /* FirebaseAnalyticsWithoutAdIdSupport */ = {
			isa = XCSwiftPackageProductDependency;
			package = 1EB4921C2B52492200590B13 /* XCRemoteSwiftPackageReference "firebase-ios-sdk" */;
			productName = FirebaseAnalyticsWithoutAdIdSupport;
		};
		1EB492252B52492200590B13 /* FirebaseAppCheck */ = {
			isa = XCSwiftPackageProductDependency;
			package = 1EB4921C2B52492200590B13 /* XCRemoteSwiftPackageReference "firebase-ios-sdk" */;
			productName = FirebaseAppCheck;
		};
		1EB4923B2B5293FB00590B13 /* FirebaseAuth */ = {
			isa = XCSwiftPackageProductDependency;
			package = 1EB4921C2B52492200590B13 /* XCRemoteSwiftPackageReference "firebase-ios-sdk" */;
			productName = FirebaseAuth;
		};
		1EB492412B52A2E500590B13 /* FirebaseStorage */ = {
			isa = XCSwiftPackageProductDependency;
			package = 1EB4921C2B52492200590B13 /* XCRemoteSwiftPackageReference "firebase-ios-sdk" */;
			productName = FirebaseStorage;
		};
		1EB492432B52A46200590B13 /* FirebaseFirestore */ = {
			isa = XCSwiftPackageProductDependency;
			package = 1EB4921C2B52492200590B13 /* XCRemoteSwiftPackageReference "firebase-ios-sdk" */;
			productName = FirebaseFirestore;
		};
		1EB492452B52A46800590B13 /* FirebaseFirestoreSwift */ = {
			isa = XCSwiftPackageProductDependency;
			package = 1EB4921C2B52492200590B13 /* XCRemoteSwiftPackageReference "firebase-ios-sdk" */;
			productName = FirebaseFirestoreSwift;
		};
/* End XCSwiftPackageProductDependency section */
	};
	rootObject = 1EB491E52B513AC400590B13 /* Project object */;
}
